
Microsoft Visual Studio Solution File, Format Version 12.00
# Visual Studio 15
VisualStudioVersion = 15.0.27428.2015
MinimumVisualStudioVersion = 10.0.40219.1
Project("{2150E333-8FDC-42A3-9474-1A3956D46DE8}") = "Solution Items", "Solution Items", "{068DBA69-2A6C-4098-AB70-9E2908B5ACA9}"
	ProjectSection(SolutionItems) = preProject
		Readme.md = Readme.md
		Supernova.Dapper.1.1.0.nuspec = Supernova.Dapper.1.1.0.nuspec
	EndProjectSection
EndProject
Project("{9A19103F-16F7-4668-BE54-9A1E7A4F7556}") = "Supernova.Dapper.Core", "Supernova.Dapper.Core\Supernova.Dapper.Core.csproj", "{D48820FF-6545-4478-8045-9D265FC080F7}"
EndProject
Project("{9A19103F-16F7-4668-BE54-9A1E7A4F7556}") = "Supernova.Dapper", "Supernova.Dapper\Supernova.Dapper.csproj", "{EA48BED7-B44F-4D34-98CE-DA1985BE9362}"
EndProject
Project("{9A19103F-16F7-4668-BE54-9A1E7A4F7556}") = "Supernova.Dapper.Parser", "Supernova.Dapper.Parser\Supernova.Dapper.Parser.csproj", "{BC8C1375-1FD6-4718-AD41-5807A6369140}"
EndProject
Project("{9A19103F-16F7-4668-BE54-9A1E7A4F7556}") = "Supernova.Dapper.Parser.Core", "Supernova.Dapper.Parser.Core\Supernova.Dapper.Parser.Core.csproj", "{07CF0B39-B740-42D4-B813-E23AEDFA16FE}"
EndProject
Project("{FAE04EC0-301F-11D3-BF4B-00C04F79EFBC}") = "Supernova.Dapper.ConsoleTests", "Supernova.Dapper.ConsoleTests\Supernova.Dapper.ConsoleTests.csproj", "{0C782F38-A8DC-4AAA-BD42-1B8DBDAA92C1}"
EndProject
Global
	GlobalSection(SolutionConfigurationPlatforms) = preSolution
		Debug|Any CPU = Debug|Any CPU
		Release|Any CPU = Release|Any CPU
	EndGlobalSection
	GlobalSection(ProjectConfigurationPlatforms) = postSolution
		{D48820FF-6545-4478-8045-9D265FC080F7}.Debug|Any CPU.ActiveCfg = Debug|Any CPU
		{D48820FF-6545-4478-8045-9D265FC080F7}.Debug|Any CPU.Build.0 = Debug|Any CPU
		{D48820FF-6545-4478-8045-9D265FC080F7}.Release|Any CPU.ActiveCfg = Release|Any CPU
		{D48820FF-6545-4478-8045-9D265FC080F7}.Release|Any CPU.Build.0 = Release|Any CPU
		{EA48BED7-B44F-4D34-98CE-DA1985BE9362}.Debug|Any CPU.ActiveCfg = Debug|Any CPU
		{EA48BED7-B44F-4D34-98CE-DA1985BE9362}.Debug|Any CPU.Build.0 = Debug|Any CPU
		{EA48BED7-B44F-4D34-98CE-DA1985BE9362}.Release|Any CPU.ActiveCfg = Release|Any CPU
		{EA48BED7-B44F-4D34-98CE-DA1985BE9362}.Release|Any CPU.Build.0 = Release|Any CPU
		{BC8C1375-1FD6-4718-AD41-5807A6369140}.Debug|Any CPU.ActiveCfg = Debug|Any CPU
		{BC8C1375-1FD6-4718-AD41-5807A6369140}.Debug|Any CPU.Build.0 = Debug|Any CPU
		{BC8C1375-1FD6-4718-AD41-5807A6369140}.Release|Any CPU.ActiveCfg = Release|Any CPU
		{BC8C1375-1FD6-4718-AD41-5807A6369140}.Release|Any CPU.Build.0 = Release|Any CPU
		{07CF0B39-B740-42D4-B813-E23AEDFA16FE}.Debug|Any CPU.ActiveCfg = Debug|Any CPU
		{07CF0B39-B740-42D4-B813-E23AEDFA16FE}.Debug|Any CPU.Build.0 = Debug|Any CPU
		{07CF0B39-B740-42D4-B813-E23AEDFA16FE}.Release|Any CPU.ActiveCfg = Release|Any CPU
		{07CF0B39-B740-42D4-B813-E23AEDFA16FE}.Release|Any CPU.Build.0 = Release|Any CPU
		{0C782F38-A8DC-4AAA-BD42-1B8DBDAA92C1}.Debug|Any CPU.ActiveCfg = Debug|Any CPU
		{0C782F38-A8DC-4AAA-BD42-1B8DBDAA92C1}.Debug|Any CPU.Build.0 = Debug|Any CPU
		{0C782F38-A8DC-4AAA-BD42-1B8DBDAA92C1}.Release|Any CPU.ActiveCfg = Release|Any CPU
		{0C782F38-A8DC-4AAA-BD42-1B8DBDAA92C1}.Release|Any CPU.Build.0 = Release|Any CPU
	EndGlobalSection
	GlobalSection(SolutionProperties) = preSolution
		HideSolutionNode = FALSE
	EndGlobalSection
	GlobalSection(ExtensibilityGlobals) = postSolution
		SolutionGuid = {AAEC484A-F264-48E9-BF1E-9B2FEFB0BE0D}
	EndGlobalSection
EndGlobal
